
Microsoft Visual Studio Solution File, Format Version 12.00
# Visual Studio Version 16
VisualStudioVersion = 16.0.31105.61
MinimumVisualStudioVersion = 10.0.40219.1
Project("{FAE04EC0-301F-11D3-BF4B-00C04F79EFBC}") = "Project1", "Project1\Project1.csproj", "{610AE8CE-F13C-48BB-9754-369DA89302DC}"
EndProject
Global
	GlobalSection(SolutionConfigurationPlatforms) = preSolution
		Debug|Any CPU = Debug|Any CPU
		Release|Any CPU = Release|Any CPU
	EndGlobalSection
	GlobalSection(ProjectConfigurationPlatforms) = postSolution
		{610AE8CE-F13C-48BB-9754-369DA89302DC}.Debug|Any CPU.ActiveCfg = Debug|Any CPU
		{610AE8CE-F13C-48BB-9754-369DA89302DC}.Debug|Any CPU.Build.0 = Debug|Any CPU
		{610AE8CE-F13C-48BB-9754-369DA89302DC}.Release|Any CPU.ActiveCfg = Release|Any CPU
		{610AE8CE-F13C-48BB-9754-369DA89302DC}.Release|Any CPU.Build.0 = Release|Any CPU
	EndGlobalSection
	GlobalSection(SolutionProperties) = preSolution
		HideSolutionNode = FALSE
	EndGlobalSection
	GlobalSection(ExtensibilityGlobals) = postSolution
		SolutionGuid = {EC3788F8-C8E6-40B7-A1B6-86DA080FC0E1}
	EndGlobalSection
EndGlobal
